lockfileVersion: '9.0'

settings:
  autoInstallPeers: true
  excludeLinksFromLockfile: false

importers:
  .:
    dependencies:
      axios:
        specifier: ^1.7.7
        version: 1.7.7
      better-ms:
        specifier: ^1.1.7
        version: 1.1.7
      country-flag-icons:
        specifier: ^1.5.13
        version: 1.5.13
      discord-messages:
        specifier: ^1.0.2
        version: 1.0.2
      discord.js:
        specifier: ^14.8.0
        version: 14.11.0
      dotenv:
        specifier: ^16.4.5
        version: 16.4.5
      mongoose:
        specifier: ^8.7.0
        version: 8.7.0
      ms:
        specifier: ^2.1.3
        version: 2.1.3
      pretty-ms:
        specifier: ^7.0.1
        version: 7.0.1
      random-words:
        specifier: ^2.0.1
        version: 2.0.1
      shelljs:
        specifier: ^0.8.5
        version: 0.8.5

packages:
  '@discordjs/builders@1.6.3':
    resolution:
      {
        integrity: sha512-CTCh8NqED3iecTNuiz49mwSsrc2iQb4d0MjMdmS/8pb69Y4IlzJ/DIy/p5GFlgOrFbNO2WzMHkWKQSiJ3VNXaw==
      }
    engines: { node: '>=16.9.0' }

  '@discordjs/collection@1.5.1':
    resolution:
      {
        integrity: sha512-aWEc9DCf3TMDe9iaJoOnO2+JVAjeRNuRxPZQA6GVvBf+Z3gqUuWYBy2NWh4+5CLYq5uoc3MOvUQ5H5m8CJBqOA==
      }
    engines: { node: '>=16.9.0' }

  '@discordjs/formatters@0.3.1':
    resolution:
      {
        integrity: sha512-M7X4IGiSeh4znwcRGcs+49B5tBkNDn4k5bmhxJDAUhRxRHTiFAOTVUNQ6yAKySu5jZTnCbSvTYHW3w0rAzV1MA==
      }
    engines: { node: '>=16.9.0' }

  '@discordjs/rest@1.7.1':
    resolution:
      {
        integrity: sha512-Ofa9UqT0U45G/eX86cURQnX7gzOJLG2oC28VhIk/G6IliYgQF7jFByBJEykPSHE4MxPhqCleYvmsrtfKh1nYmQ==
      }
    engines: { node: '>=16.9.0' }

  '@discordjs/util@0.3.1':
    resolution:
      {
        integrity: sha512-HxXKYKg7vohx2/OupUN/4Sd02Ev3PBJ5q0gtjdcvXb0ErCva8jNHWfe/v5sU3UKjIB/uxOhc+TDOnhqffj9pRA==
      }
    engines: { node: '>=16.9.0' }

  '@discordjs/ws@0.8.3':
    resolution:
      {
        integrity: sha512-hcYtppanjHecbdNyCKQNH2I4RP9UrphDgmRgLYrATEQF1oo4sYSve7ZmGsBEXSzH72MO2tBPdWSThunbxUVk0g==
      }
    engines: { node: '>=16.9.0' }

  '@mongodb-js/saslprep@1.1.9':
    resolution:
      {
        integrity: sha512-tVkljjeEaAhCqTzajSdgbQ6gE6f3oneVwa3iXR6csiEwXXOFsiC6Uh9iAjAhXPtqa/XMDHWjjeNH/77m/Yq2dw==
      }

  '@sapphire/async-queue@1.5.0':
    resolution:
      {
        integrity: sha512-JkLdIsP8fPAdh9ZZjrbHWR/+mZj0wvKS5ICibcLrRI1j84UmLMshx5n9QmL8b95d4onJ2xxiyugTgSAX7AalmA==
      }
    engines: { node: '>=v14.0.0', npm: '>=7.0.0' }

  '@sapphire/shapeshift@3.9.0':
    resolution:
      {
        integrity: sha512-iJpHmjAdwX9aSL6MvFpVyo+tkokDtInmSjoJHbz/k4VJfnim3DjvG0hgGEKWtWZgCu45RaLgcoNgR1fCPdIz3w==
      }
    engines: { node: '>=v14.0.0', npm: '>=7.0.0' }

  '@sapphire/snowflake@3.5.1':
    resolution:
      {
        integrity: sha512-BxcYGzgEsdlG0dKAyOm0ehLGm2CafIrfQTZGWgkfKYbj+pNNsorZ7EotuZukc2MT70E0UbppVbtpBrqpzVzjNA==
      }
    engines: { node: '>=v14.0.0', npm: '>=7.0.0' }

  '@tokenizer/token@0.3.0':
    resolution:
      {
        integrity: sha512-OvjF+z51L3ov0OyAU0duzsYuvO01PH7x4t6DJx+guahgTnBHkhJdG7soQeTSFLWN3efnHyibZ4Z8l2EuWwJN3A==
      }

  '@types/bson@4.0.5':
    resolution:
      {
        integrity: sha512-vVLwMUqhYJSQ/WKcE60eFqcyuWse5fGH+NMAXHuKrUAPoryq3ATxk5o4bgYNtg5aOM4APVg7Hnb3ASqUYG0PKg==
      }

  '@types/mongodb@3.6.20':
    resolution:
      {
        integrity: sha512-WcdpPJCakFzcWWD9juKoZbRtQxKIMYF/JIAM4JrNHrMcnJL6/a2NWjXxW7fo9hxboxxkg+icff8d7+WIEvKgYQ==
      }

  '@types/node@20.1.4':
    resolution:
      {
        integrity: sha512-At4pvmIOki8yuwLtd7BNHl3CiWNbtclUbNtScGx4OHfBd4/oWoJC8KRCIxXwkdndzhxOsPXihrsOoydxBjlE9Q==
      }

  '@types/webidl-conversions@7.0.3':
    resolution:
      {
        integrity: sha512-CiJJvcRtIgzadHCYXw7dqEnMNRjhGZlYK05Mj9OyktqV8uVT8fD2BFOB7S1uwBE3Kj2Z+4UyPmFw/Ixgw/LAlA==
      }

  '@types/whatwg-url@11.0.5':
    resolution:
      {
        integrity: sha512-coYR071JRaHa+xoEvvYqvnIHaVqaYrLPbsufM9BF63HkwI5Lgmy2QR8Q5K/lYDYo5AK82wOvSOS0UsLTpTG7uQ==
      }

  '@types/ws@8.5.4':
    resolution:
      {
        integrity: sha512-zdQDHKUgcX/zBc4GrwsE/7dVdAD8JR4EuiAXiiUhhfyIJXXb2+PrGshFyeXWQPMmmZ2XxgaqclgpIC7eTXc1mg==
      }

  '@vladfrangu/async_event_emitter@2.2.2':
    resolution:
      {
        integrity: sha512-HIzRG7sy88UZjBJamssEczH5q7t5+axva19UbZLO6u0ySbYPrwzWiXBcC0WuHyhKKoeCyneH+FvYzKQq/zTtkQ==
      }
    engines: { node: '>=v14.0.0', npm: '>=7.0.0' }

  asynckit@0.4.0:
    resolution:
      {
        integrity: sha512-Oei9OH4tRh0YqU3GxhX79dM/mwVgvbZJaSNaRk+bshkj0S5ciccgYakreBjrHwatXKbz+IoIdYLxrKim2MjW0Q==
      }

  axios@1.7.7:
    resolution:
      {
        integrity: sha512-S4kL7XrjgBmvdGut0sN3yJxqYzrDOnivkBiN0OFs6hLiUam3UPvswUo0kqGyhqUZGEOytHyumEdXsAkgCOUf3Q==
      }

  balanced-match@1.0.2:
    resolution:
      {
        integrity: sha512-3oSeUO0TMV67hN1AmbXsK4yaqU7tjiHlbxRDZOpH0KW9+CeX4bRAaX0Anxt0tx2MrpRpWwQaPwIlISEJhYU5Pw==
      }

  better-ms@1.1.7:
    resolution:
      {
        integrity: sha512-XPFmcx7p4+c0ZwvmLBRfagrjE0KckcQzK017K4FPSlEVNuWm5nPR/Y3fRp8zSsDexQX8yMGNxH4H6ZI27e+brQ==
      }

  bl@2.2.1:
    resolution:
      {
        integrity: sha512-6Pesp1w0DEX1N550i/uGV/TqucVL4AM/pgThFSN/Qq9si1/DF9aIHs1BxD8V/QU0HoeHO6cQRTAuYnLPKq1e4g==
      }

  bluebird@3.5.1:
    resolution:
      {
        integrity: sha512-MKiLiV+I1AA596t9w1sQJ8jkiSr5+ZKi0WKrYGUn6d1Fx+Ij4tIj+m2WMQSGczs5jZVxV339chE8iwk6F64wjA==
      }

  brace-expansion@1.1.11:
    resolution:
      {
        integrity: sha512-iCuPHDFgrHX7H2vEI/5xpz07zSHB00TpugqhmYtVmMO6518mCuRMoOYFldEBl0g187ufozdaHgWKcYFb61qGiA==
      }

  bson@1.1.6:
    resolution:
      {
        integrity: sha512-EvVNVeGo4tHxwi8L6bPj3y3itEvStdwvvlojVxxbyYfoaxJ6keLgrTuKdyfEAszFK+H3olzBuafE0yoh0D1gdg==
      }
    engines: { node: '>=0.6.19' }

  bson@6.8.0:
    resolution:
      {
        integrity: sha512-iOJg8pr7wq2tg/zSlCCHMi3hMm5JTOxLTagf3zxhcenHsFp+c6uOs6K7W5UE7A4QIJGtqh/ZovFNMP4mOPJynQ==
      }
    engines: { node: '>=16.20.1' }

  busboy@1.6.0:
    resolution:
      {
        integrity: sha512-8SFQbg/0hQ9xy3UNTB0YEnsNBbWicf7RtnzpL7TkBiTBRfrQ9Fxcnz7VJsleJpyp6rVLvXiuORqjlHi5q+PYuA==
      }
    engines: { node: '>=10.16.0' }

  combined-stream@1.0.8:
    resolution:
      {
        integrity: sha512-FQN4MRfuJeHf7cBbBMJFXhKSDq+2kAArBlmRBvcvFE5BB1HZKXtSFASDhdlz9zOYwxh8lDdnvmMOe/+5cdoEdg==
      }
    engines: { node: '>= 0.8' }

  concat-map@0.0.1:
    resolution:
      {
        integrity: sha512-/Srv4dswyQNBfohGpz9o6Yb3Gz3SrUDqBH5rTuhGR7ahtlbYKnVxw2bCFMRljaA7EXHaXZ8wsHdodFvbkhKmqg==
      }

  core-util-is@1.0.3:
    resolution:
      {
        integrity: sha512-ZQBvi1DcpJ4GDqanjucZ2Hj3wEO5pZDS89BWbkcrvdxksJorwUDDZamX9ldFkp9aw2lmBDLgkObEA4DWNJ9FYQ==
      }

  country-flag-icons@1.5.13:
    resolution:
      {
        integrity: sha512-4JwHNqaKZ19doQoNcBjsoYA+I7NqCH/mC/6f5cBWvdKzcK5TMmzLpq3Z/syVHMHJuDGFwJ+rPpGizvrqJybJow==
      }

  debug@3.1.0:
    resolution:
      {
        integrity: sha512-OX8XqP7/1a9cqkxYw2yXss15f26NKWBpDXQd0/uK/KPqdQhxbPa994hnzjcE2VqQpDslf55723cKPUOGSmMY3g==
      }
    peerDependencies:
      supports-color: '*'
    peerDependenciesMeta:
      supports-color:
        optional: true

  debug@4.3.4:
    resolution:
      {
        integrity: sha512-PRWicuSU3eDtQJPvnNY7Jcket1j0t5OuOsFzPPzsekD52Zl8qUfFIPEiswXqIvHWGVHOgX+7G/vCNNhehwxfkQ==
      }
    engines: { node: '>=6.0' }
    peerDependencies:
      supports-color: '*'
    peerDependenciesMeta:
      supports-color:
        optional: true

  delayed-stream@1.0.0:
    resolution:
      {
        integrity: sha512-ZySD7Nf91aLB0RxL4KGrKHBXl7Eds1DAmEdcoVawXnLD7SDhpNgtuII2aAkg7a7QS41jxPSZ17p4VdGnMHk3MQ==
      }
    engines: { node: '>=0.4.0' }

  denque@1.5.1:
    resolution:
      {
        integrity: sha512-XwE+iZ4D6ZUB7mfYRMb5wByE8L74HCn30FBN7sWnXksWc1LO1bPDl67pBR9o/kC4z/xSNAwkMYcGgqDV3BE3Hw==
      }
    engines: { node: '>=0.10' }

  discord-api-types@0.37.42:
    resolution:
      {
        integrity: sha512-1Huaj9cQ1W7/uryS8MZs/tZemnoKB94thM1cE40lep3rpU3q7WHqkdjN/veX0prTkYlPhcyLd/DeF/pBO8X8oQ==
      }

  discord-messages@1.0.2:
    resolution:
      {
        integrity: sha512-LhzNf3CvmSWXutu8UxQBI8b5t3YQ6NiMrhkp0KzH424m6zIgX2ZZrgmO9bxUUpZOmRmM3uW1EIu11lVyKbIX2Q==
      }

  discord.js@14.11.0:
    resolution:
      {
        integrity: sha512-CkueWYFQ28U38YPR8HgsBR/QT35oPpMbEsTNM30Fs8loBIhnA4s70AwQEoy6JvLcpWWJO7GY0y2BUzZmuBMepQ==
      }
    engines: { node: '>=16.9.0' }

  dotenv@16.4.5:
    resolution:
      {
        integrity: sha512-ZmdL2rui+eB2YwhsWzjInR8LldtZHGDoQ1ugH85ppHKwpUHL7j7rN0Ti9NCnGiQbhaZ11FpR+7ao1dNsmduNUg==
      }
    engines: { node: '>=12' }

  fast-deep-equal@3.1.3:
    resolution:
      {
        integrity: sha512-f3qQ9oQy9j2AhBe/H9VC91wLmKBCCU/gDOnKNAYG5hswO7BLKj09Hc5HYNz9cGI++xlpDCIgDaitVs03ATR84Q==
      }

  file-type@18.4.0:
    resolution:
      {
        integrity: sha512-o6MQrZKTAK6WpvmQk3jqTVUmqxYBxW5bloUfrdH1ZnRFDvvAPNr+l+rgOxM3nkqWT+3khaj3FRMDydWe0xhu+w==
      }
    engines: { node: '>=14.16' }

  follow-redirects@1.15.9:
    resolution:
      {
        integrity: sha512-gew4GsXizNgdoRyqmyfMHyAmXsZDk6mHkSxZFCzW9gwlbtOW44CDtYavM+y+72qD/Vq2l550kMF52DT8fOLJqQ==
      }
    engines: { node: '>=4.0' }
    peerDependencies:
      debug: '*'
    peerDependenciesMeta:
      debug:
        optional: true

  form-data@4.0.0:
    resolution:
      {
        integrity: sha512-ETEklSGi5t0QMZuiXoA/Q6vcnxcLQP5vdugSpuAyi6SVGi2clPPp+xgEhuMaHC+zGgn31Kd235W35f7Hykkaww==
      }
    engines: { node: '>= 6' }

  fs.realpath@1.0.0:
    resolution:
      {
        integrity: sha512-OO0pH2lK6a0hZnAdau5ItzHPI6pUlvI7jMVnxUQRtw4owF2wk8lOSabtGDCTP4Ggrg2MbGnWO9X8K1t4+fGMDw==
      }

  function-bind@1.1.1:
    resolution:
      {
        integrity: sha512-yIovAzMX49sF8Yl58fSCWJ5svSLuaibPxXQJFLmBObTuCr0Mf1KiPopGM9NiFjiYBCbfaa2ic6breQ6ANVTI0A==
      }

  glob@7.2.3:
    resolution:
      {
        integrity: sha512-nFR0zLpU2YCaRxwoCJvL6UvCH2JFyFVIvwTLsIf21AuHlMskA1hhTdk+LlYJtOlYt9v6dvszD2BGRqBL+iQK9Q==
      }

  has@1.0.3:
    resolution:
      {
        integrity: sha512-f2dvO0VU6Oej7RkWJGrehjbzMAjFp5/VKPp5tTpWIV4JHHZK1/BxbFRtf/siA2SWTe09caDmVtYYzWEIbBS4zw==
      }
    engines: { node: '>= 0.4.0' }

  ieee754@1.2.1:
    resolution:
      {
        integrity: sha512-dcyqhDvX1C46lXZcVqCpK+FtMRQVdIMN6/Df5js2zouUsqG7I6sFxitIC+7KYK29KdXOLHdu9zL4sFnoVQnqaA==
      }

  inflight@1.0.6:
    resolution:
      {
        integrity: sha512-k92I/b08q4wvFscXCLvqfsHCrjrF7yiXsQuIVvVE7N82W3+aqpzuUdBbicWcy/FZR3/4IgflMgKLOsvPDrGCJA==
      }

  inherits@2.0.4:
    resolution:
      {
        integrity: sha512-k/vGaX4/Yla3WzyMCvTQOXYeIHvqOKtnqBduzTHpzpQZzAskKMhZ2K+EnBiSM9zGSoIFeMpXKxa4dYeZIQqewQ==
      }

  interpret@1.4.0:
    resolution:
      {
        integrity: sha512-agE4QfB2Lkp9uICn7BAqoscw4SZP9kTE2hxiFI3jBPmXJfdqiahTbUuKGsMoN2GtqL9AxhYioAcVvgsb1HvRbA==
      }
    engines: { node: '>= 0.10' }

  is-core-module@2.12.0:
    resolution:
      {
        integrity: sha512-RECHCBCd/viahWmwj6enj19sKbHfJrddi/6cBDsNTKbNq0f7VeaUkBo60BqzvPqo/W54ChS62Z5qyun7cfOMqQ==
      }

  isarray@1.0.0:
    resolution:
      {
        integrity: sha512-VLghIWNM6ELQzo7zwmcg0NmTVyWKYjvIeM83yjp0wRDTmUnrM678fQbcKBo6n2CJEF0szoG//ytg+TKla89ALQ==
      }

  kareem@2.3.2:
    resolution:
      {
        integrity: sha512-STHz9P7X2L4Kwn72fA4rGyqyXdmrMSdxqHx9IXon/FXluXieaFA6KJ2upcHAHxQPQ0LeM/OjLrhFxiicewOALQ==
      }

  kareem@2.6.3:
    resolution:
      {
        integrity: sha512-C3iHfuGUXK2u8/ipq9LfjFfXFxAZMQJJq7vLS45r3D9Y2xQ/m4S8zaR4zMLFWh9AsNPXmcFfUDhTEO8UIC/V6Q==
      }
    engines: { node: '>=12.0.0' }

  lodash.snakecase@4.1.1:
    resolution:
      {
        integrity: sha512-QZ1d4xoBHYUeuouhEq3lk3Uq7ldgyFXGBhg04+oRLnIz8o9T65Eh+8YdroUwn846zchkA9yDsDl5CVVaV2nqYw==
      }

  lodash@4.17.21:
    resolution:
      {
        integrity: sha512-v2kDEe57lecTulaDIuNTPy3Ry4gLGJ6Z1O3vE1krgXZNrsQ+LFTGHVxVjcXPs17LhbZVGedAJv8XZ1tvj5FvSg==
      }

  memory-pager@1.5.0:
    resolution:
      {
        integrity: sha512-ZS4Bp4r/Zoeq6+NLJpP+0Zzm0pR8whtGPf1XExKLJBAczGMnSi3It14OiNCStjQjM6NU1okjQGSxgEZN8eBYKg==
      }

  mime-db@1.52.0:
    resolution:
      {
        integrity: sha512-sPU4uV7dYlvtWJxwwxHD0PuihVNiE7TyAbQ5SWxDCB9mUYvOgroQOwYQQOKPJ8CIbE+1ETVlOoK1UC2nU3gYvg==
      }
    engines: { node: '>= 0.6' }

  mime-types@2.1.35:
    resolution:
      {
        integrity: sha512-ZDY+bPm5zTTF+YpCrAU9nK0UgICYPT0QtT1NZWFv4s++TNkcgVaT0g6+4R2uI4MjQjzysHB1zxuWL50hzaeXiw==
      }
    engines: { node: '>= 0.6' }

  minimatch@3.1.2:
    resolution:
      {
        integrity: sha512-J7p63hRiAjw1NDEww1W7i37+ByIrOWO5XQQAzZ3VOcL0PNybwpfmV/N05zFAzwQ9USyEcX6t3UO+K5aqBQOIHw==
      }

  mongodb-connection-string-url@3.0.1:
    resolution:
      {
        integrity: sha512-XqMGwRX0Lgn05TDB4PyG2h2kKO/FfWJyCzYQbIhXUxz7ETt0I/FqHjUeqj37irJ+Dl1ZtU82uYyj14u2XsZKfg==
      }

  mongodb@3.7.3:
    resolution:
      {
        integrity: sha512-Psm+g3/wHXhjBEktkxXsFMZvd3nemI0r3IPsE0bU+4//PnvNWKkzhZcEsbPcYiWqe8XqXJJEg4Tgtr7Raw67Yw==
      }
    engines: { node: '>=4' }
    peerDependencies:
      aws4: '*'
      bson-ext: '*'
      kerberos: '*'
      mongodb-client-encryption: '*'
      mongodb-extjson: '*'
      snappy: '*'
    peerDependenciesMeta:
      aws4:
        optional: true
      bson-ext:
        optional: true
      kerberos:
        optional: true
      mongodb-client-encryption:
        optional: true
      mongodb-extjson:
        optional: true
      snappy:
        optional: true

  mongodb@6.9.0:
    resolution:
      {
        integrity: sha512-UMopBVx1LmEUbW/QE0Hw18u583PEDVQmUmVzzBRH0o/xtE9DBRA5ZYLOjpLIa03i8FXjzvQECJcqoMvCXftTUA==
      }
    engines: { node: '>=16.20.1' }
    peerDependencies:
      '@aws-sdk/credential-providers': ^3.188.0
      '@mongodb-js/zstd': ^1.1.0
      gcp-metadata: ^5.2.0
      kerberos: ^2.0.1
      mongodb-client-encryption: '>=6.0.0 <7'
      snappy: ^7.2.2
      socks: ^2.7.1
    peerDependenciesMeta:
      '@aws-sdk/credential-providers':
        optional: true
      '@mongodb-js/zstd':
        optional: true
      gcp-metadata:
        optional: true
      kerberos:
        optional: true
      mongodb-client-encryption:
        optional: true
      snappy:
        optional: true
      socks:
        optional: true

  mongoose-legacy-pluralize@1.0.2:
    resolution:
      {
        integrity: sha512-Yo/7qQU4/EyIS8YDFSeenIvXxZN+ld7YdV9LqFVQJzTLye8unujAWPZ4NWKfFA+RNjh+wvTWKY9Z3E5XM6ZZiQ==
      }
    peerDependencies:
      mongoose: '*'

  mongoose@5.13.17:
    resolution:
      {
        integrity: sha512-kzlwQgrWaQflFSdENNGN4+FQEm/yOMgR1T1okIp5fARGQ8YKdjO+0U9Ikzsv5OVSFIkE0ATyJj2XxawYbf2bpA==
      }
    engines: { node: '>=4.0.0' }

  mongoose@8.7.0:
    resolution:
      {
        integrity: sha512-rUCSF1mMYQXjXYdqEQLLlMD3xbcj2j1/hRn+9VnVj7ipzru/UoUZxlj/hWmteKMAh4EFnDZ+BIrmma9l/0Hi1g==
      }
    engines: { node: '>=16.20.1' }

  mpath@0.8.4:
    resolution:
      {
        integrity: sha512-DTxNZomBcTWlrMW76jy1wvV37X/cNNxPW1y2Jzd4DZkAaC5ZGsm8bfGfNOthcDuRJujXLqiuS6o3Tpy0JEoh7g==
      }
    engines: { node: '>=4.0.0' }

  mpath@0.9.0:
    resolution:
      {
        integrity: sha512-ikJRQTk8hw5DEoFVxHG1Gn9T/xcjtdnOKIU1JTmGjZZlg9LST2mBLmcX3/ICIbgJydT2GOc15RnNy5mHmzfSew==
      }
    engines: { node: '>=4.0.0' }

  mquery@3.2.5:
    resolution:
      {
        integrity: sha512-VjOKHHgU84wij7IUoZzFRU07IAxd5kWJaDmyUzQlbjHjyoeK5TNeeo8ZsFDtTYnSgpW6n/nMNIHvE3u8Lbrf4A==
      }
    engines: { node: '>=4.0.0' }

  mquery@5.0.0:
    resolution:
      {
        integrity: sha512-iQMncpmEK8R8ncT8HJGsGc9Dsp8xcgYMVSbs5jgnm1licTZqMJTUWTDx1LBO8+mK3tPNZWFLBghQEIOULSTHZg==
      }
    engines: { node: '>=14.0.0' }

  ms@2.0.0:
    resolution:
      {
        integrity: sha512-Tpp60P6IUJDTuOq/5Z8cdskzJujfwqfOTkrwIwj7IRISpnkJnT6SyJ4PCPnGMoFjC9ddhal5KVIYtAt97ix05A==
      }

  ms@2.1.2:
    resolution:
      {
        integrity: sha512-sGkPx+VjMtmA6MX27oA4FBFELFCZZ4S4XqeGOXCv68tT+jb3vk/RyaKWP0PTKyWtmLSM0b+adUTEvbs1PEaH2w==
      }

  ms@2.1.3:
    resolution:
      {
        integrity: sha512-6FlzubTLZG3J2a/NVCAleEhjzq5oxgHyaCU9yYXvcLsvoVaHJq/s5xXI6/XXP6tz7R9xAOtHnSO/tXtF3WRTlA==
      }

  once@1.4.0:
    resolution:
      {
        integrity: sha512-lNaJgI+2Q5URQBkccEKHTQOPaXdUxnZZElQTZY0MFUAuaEqe1E+Nyvgdz/aIyNi6Z9MzO5dv1H8n58/GELp3+w==
      }

  optional-require@1.0.3:
    resolution:
      {
        integrity: sha512-RV2Zp2MY2aeYK5G+B/Sps8lW5NHAzE5QClbFP15j+PWmP+T9PxlJXBOOLoSAdgwFvS4t0aMR4vpedMkbHic0nA==
      }
    engines: { node: '>=4' }

  optional-require@1.1.8:
    resolution:
      {
        integrity: sha512-jq83qaUb0wNg9Krv1c5OQ+58EK+vHde6aBPzLvPPqJm89UQWsvSuFy9X/OSNJnFeSOKo7btE0n8Nl2+nE+z5nA==
      }
    engines: { node: '>=4' }

  parse-ms@2.1.0:
    resolution:
      {
        integrity: sha512-kHt7kzLoS9VBZfUsiKjv43mr91ea+U05EyKkEtqp7vNbHxmaVuEqN7XxeEVnGrMtYOAxGrDElSi96K7EgO1zCA==
      }
    engines: { node: '>=6' }

  path-is-absolute@1.0.1:
    resolution:
      {
        integrity: sha512-AVbw3UJ2e9bq64vSaS9Am0fje1Pa8pbGqTTsmXfaIiMpnr5DlDhfJOuLj9Sf95ZPVDAUerDfEk88MPmPe7UCQg==
      }
    engines: { node: '>=0.10.0' }

  path-parse@1.0.7:
    resolution:
      {
        integrity: sha512-LDJzPVEEEPR+y48z93A0Ed0yXb8pAByGWo/k5YYdYgpY2/2EsOsksJrq7lOHxryrVOn1ejG6oAp8ahvOIQD8sw==
      }

  peek-readable@5.0.0:
    resolution:
      {
        integrity: sha512-YtCKvLUOvwtMGmrniQPdO7MwPjgkFBtFIrmfSbYmYuq3tKDV/mcfAhBth1+C3ru7uXIZasc/pHnb+YDYNkkj4A==
      }
    engines: { node: '>=14.16' }

  pretty-ms@7.0.1:
    resolution:
      {
        integrity: sha512-973driJZvxiGOQ5ONsicOF/DtzPMOMtgC11kCpUrPGMTgqp2q/1gwzCquocrN33is0VZ5GicXZYMM9l6h67v2Q==
      }
    engines: { node: '>=10' }

  process-nextick-args@2.0.1:
    resolution:
      {
        integrity: sha512-3ouUOpQhtgrbOa17J7+uxOTpITYWaGP7/AhoR3+A+/1e9skrzelGi/dXzEYyvbxubEF6Wn2ypscTKiKJFFn1ag==
      }

  proxy-from-env@1.1.0:
    resolution:
      {
        integrity: sha512-D+zkORCbA9f1tdWRK0RaCR3GPv50cMxcrz4X8k5LTSUD1Dkw47mKJEZQNunItRTkWwgtaUSo1RVFRIG9ZXiFYg==
      }

  punycode@2.3.0:
    resolution:
      {
        integrity: sha512-rRV+zQD8tVFys26lAGR9WUuS4iUAngJScM+ZRSKtvl5tKeZ2t5bvdNFdNHBW9FWR4guGHlgmsZ1G7BSm2wTbuA==
      }
    engines: { node: '>=6' }

  random-words@2.0.1:
    resolution:
      {
        integrity: sha512-nZNJAmgcFmtJMTDDIUCm/iK4R6RydC6NvALvWhYItXQrgYGk1F7Gww416LpVROFQtfVd5TaLEf4WuSsko03N7w==
      }

  readable-stream@2.3.8:
    resolution:
      {
        integrity: sha512-8p0AUk4XODgIewSi0l8Epjs+EVnWiK7NoDIEGU0HhE7+ZyY8D1IMY7odu5lRrFXGg71L15KG8QrPmum45RTtdA==
      }

  readable-stream@3.6.2:
    resolution:
      {
        integrity: sha512-9u/sniCrY3D5WdsERHzHE4G2YCXqoG5FTHUiCC4SIbr6XcLZBY05ya9EKjYek9O5xOAwjGq+1JdGBAS7Q9ScoA==
      }
    engines: { node: '>= 6' }

  readable-web-to-node-stream@3.0.2:
    resolution:
      {
        integrity: sha512-ePeK6cc1EcKLEhJFt/AebMCLL+GgSKhuygrZ/GLaKZYEecIgIECf4UaUuaByiGtzckwR4ain9VzUh95T1exYGw==
      }
    engines: { node: '>=8' }

  rechoir@0.6.2:
    resolution:
      {
        integrity: sha512-HFM8rkZ+i3zrV+4LQjwQ0W+ez98pApMGM3HUrN04j3CqzPOzl9nmP15Y8YXNm8QHGv/eacOVEjqhmWpkRV0NAw==
      }
    engines: { node: '>= 0.10' }

  regexp-clone@1.0.0:
    resolution:
      {
        integrity: sha512-TuAasHQNamyyJ2hb97IuBEif4qBHGjPHBS64sZwytpLEqtBQ1gPJTnOaQ6qmpET16cK14kkjbazl6+p0RRv0yw==
      }

  require-at@1.0.6:
    resolution:
      {
        integrity: sha512-7i1auJbMUrXEAZCOQ0VNJgmcT2VOKPRl2YGJwgpHpC9CE91Mv4/4UYIUm4chGJaI381ZDq1JUicFii64Hapd8g==
      }
    engines: { node: '>=4' }

  resolve@1.22.2:
    resolution:
      {
        integrity: sha512-Sb+mjNHOULsBv818T40qSPeRiuWLyaGMa5ewydRLFimneixmVy2zdivRl+AF6jaYPC8ERxGDmFSiqui6SfPd+g==
      }
    hasBin: true

  safe-buffer@5.1.2:
    resolution:
      {
        integrity: sha512-Gd2UZBJDkXlY7GbJxfsE8/nvKkUEU1G38c1siN6QP6a9PT9MmHB8GnpscSmMJSoF8LOIrt8ud/wPtojys4G6+g==
      }

  safe-buffer@5.2.1:
    resolution:
      {
        integrity: sha512-rp3So07KcdmmKbGvgaNxQSJr7bGVSVk5S9Eq1F+ppbRo70+YeaDxkw5Dd8NPN+GD6bjnYm2VuPuCXmpuYvmCXQ==
      }

  saslprep@1.0.3:
    resolution:
      {
        integrity: sha512-/MY/PEMbk2SuY5sScONwhUDsV2p77Znkb/q3nSVstq/yQzYJOH/Azh29p9oJLsl3LnQwSvZDKagDGBsBwSooag==
      }
    engines: { node: '>=6' }

  seedrandom@3.0.5:
    resolution:
      {
        integrity: sha512-8OwmbklUNzwezjGInmZ+2clQmExQPvomqjL7LFqOYqtmuxRgQYqOD3mHaU+MvZn5FLUeVxVfQjwLZW/n/JFuqg==
      }

  shelljs@0.8.5:
    resolution:
      {
        integrity: sha512-TiwcRcrkhHvbrZbnRcFYMLl30Dfov3HKqzp5tO5b4pt6G/SezKcYhmDg15zXVBswHmctSAQKznqNW2LO5tTDow==
      }
    engines: { node: '>=4' }
    hasBin: true

  sift@13.5.2:
    resolution:
      {
        integrity: sha512-+gxdEOMA2J+AI+fVsCqeNn7Tgx3M9ZN9jdi95939l1IJ8cZsqS8sqpJyOkic2SJk+1+98Uwryt/gL6XDaV+UZA==
      }

  sift@17.1.3:
    resolution:
      {
        integrity: sha512-Rtlj66/b0ICeFzYTuNvX/EF1igRbbnGSvEyT79McoZa/DeGhMyC5pWKOEsZKnpkqtSeovd5FL/bjHWC3CIIvCQ==
      }

  sliced@1.0.1:
    resolution:
      {
        integrity: sha512-VZBmZP8WU3sMOZm1bdgTadsQbcscK0UM8oKxKVBs4XAhUo2Xxzm/OFMGBkPusxw9xL3Uy8LrzEqGqJhclsr0yA==
      }

  sparse-bitfield@3.0.3:
    resolution:
      {
        integrity: sha512-kvzhi7vqKTfkh0PZU+2D2PIllw2ymqJKujUcyPMd9Y75Nv4nPbGJZXNhxsgdQab2BmlDct1YnfQCguEvHr7VsQ==
      }

  streamsearch@1.1.0:
    resolution:
      {
        integrity: sha512-Mcc5wHehp9aXz1ax6bZUyY5afg9u2rv5cqQI3mRrYkGC8rW2hM02jWuwjtL++LS5qinSyhj2QfLyNsuc+VsExg==
      }
    engines: { node: '>=10.0.0' }

  string_decoder@1.1.1:
    resolution:
      {
        integrity: sha512-n/ShnvDi6icbbVfviro+WojiFzv+s8MPMHBczVePfUpDJLwoLT0ht1l4YwBCbi8pJAveEEdnkHyPyTP/mzRfwg==
      }

  string_decoder@1.3.0:
    resolution:
      {
        integrity: sha512-hkRX8U1WjJFd8LsDJ2yQ/wWWxaopEsABU1XfkM8A+j0+85JAGppt16cr1Whg6KIbb4okU6Mql6BOj+uup/wKeA==
      }

  strtok3@7.0.0:
    resolution:
      {
        integrity: sha512-pQ+V+nYQdC5H3Q7qBZAz/MO6lwGhoC2gOAjuouGf/VO0m7vQRh8QNMl2Uf6SwAtzZ9bOw3UIeBukEGNJl5dtXQ==
      }
    engines: { node: '>=14.16' }

  supports-preserve-symlinks-flag@1.0.0:
    resolution:
      {
        integrity: sha512-ot0WnXS9fgdkgIcePe6RHNk1WA8+muPa6cSjeR3V8K27q9BB1rTE3R1p7Hv0z1ZyAc8s6Vvv8DIyWf681MAt0w==
      }
    engines: { node: '>= 0.4' }

  token-types@5.0.1:
    resolution:
      {
        integrity: sha512-Y2fmSnZjQdDb9W4w4r1tswlMHylzWIeOKpx0aZH9BgGtACHhrk3OkT52AzwcuqTRBZtvvnTjDBh8eynMulu8Vg==
      }
    engines: { node: '>=14.16' }

  tr46@4.1.1:
    resolution:
      {
        integrity: sha512-2lv/66T7e5yNyhAAC4NaKe5nVavzuGJQVVtRYLyQ2OI8tsJ61PMLlelehb0wi2Hx6+hT/OJUWZcw8MjlSRnxvw==
      }
    engines: { node: '>=14' }

  ts-mixer@6.0.3:
    resolution:
      {
        integrity: sha512-k43M7uCG1AkTyxgnmI5MPwKoUvS/bRvLvUb7+Pgpdlmok8AoqmUaZxUUw8zKM5B1lqZrt41GjYgnvAi0fppqgQ==
      }

  tslib@2.5.0:
    resolution:
      {
        integrity: sha512-336iVw3rtn2BUK7ORdIAHTyxHGRIHVReokCR3XjbckJMK7ms8FysBicLR8IXnAgy7T0PTPNBWKiH514FOW/WSg==
      }

  tslib@2.5.2:
    resolution:
      {
        integrity: sha512-5svOrSA2w3iGFDs1HibEVBGbDrAY82bFQ3HZ3ixB+88nsbsWQoKqDRb5UBYAUPEzbBn6dAp5gRNXglySbx1MlA==
      }

  undici@5.22.1:
    resolution:
      {
        integrity: sha512-Ji2IJhFXZY0x/0tVBXeQwgPlLWw13GVzpsWPQ3rV50IFMMof2I55PZZxtm4P6iNq+L5znYN9nSTAq0ZyE6lSJw==
      }
    engines: { node: '>=14.0' }

  util-deprecate@1.0.2:
    resolution:
      {
        integrity: sha512-EPD5q1uXyFxJpCrLnCc1nHnq3gOa6DZBocAIiI2TaSCA7VCJ1UJDMagCzIkXNsUYfD1daK//LTEQ8xiIbrHtcw==
      }

  webidl-conversions@7.0.0:
    resolution:
      {
        integrity: sha512-VwddBukDzu71offAQR975unBIGqfKZpM+8ZX6ySk8nYhVoo5CYaZyzt3YBvYtRtO+aoGlqxPg/B87NGVZ/fu6g==
      }
    engines: { node: '>=12' }

  whatwg-url@13.0.0:
    resolution:
      {
        integrity: sha512-9WWbymnqj57+XEuqADHrCJ2eSXzn8WXIW/YSGaZtb2WKAInQ6CHfaUUcTyyver0p8BDg5StLQq8h1vtZuwmOig==
      }
    engines: { node: '>=16' }

  wrappy@1.0.2:
    resolution:
      {
        integrity: sha512-l4Sp/DRseor9wL6EvV2+TuQn63dMkPjZ/sp9XkghTEbV9KlPS1xUsZ3u7/IQO4wxtcFB4bgpQPRcR3QCvezPcQ==
      }

  ws@8.13.0:
    resolution:
      {
        integrity: sha512-x9vcZYTrFPC7aSIbj7sRCYo7L/Xb8Iy+pW0ng0wt2vCJv7M9HOMy0UoN3rr+IFC7hb7vXoqS+P9ktyLLLhO+LA==
      }
    engines: { node: '>=10.0.0' }
    peerDependencies:
      bufferutil: ^4.0.1
      utf-8-validate: '>=5.0.2'
    peerDependenciesMeta:
      bufferutil:
        optional: true
      utf-8-validate:
        optional: true

snapshots:
  '@discordjs/builders@1.6.3':
    dependencies:
      '@discordjs/formatters': 0.3.1
      '@discordjs/util': 0.3.1
      '@sapphire/shapeshift': 3.9.0
      discord-api-types: 0.37.42
      fast-deep-equal: 3.1.3
      ts-mixer: 6.0.3
      tslib: 2.5.0

  '@discordjs/collection@1.5.1': {}

  '@discordjs/formatters@0.3.1':
    dependencies:
      discord-api-types: 0.37.42

  '@discordjs/rest@1.7.1':
    dependencies:
      '@discordjs/collection': 1.5.1
      '@discordjs/util': 0.3.1
      '@sapphire/async-queue': 1.5.0
      '@sapphire/snowflake': 3.5.1
      discord-api-types: 0.37.42
      file-type: 18.4.0
      tslib: 2.5.2
      undici: 5.22.1

  '@discordjs/util@0.3.1': {}

  '@discordjs/ws@0.8.3':
    dependencies:
      '@discordjs/collection': 1.5.1
      '@discordjs/rest': 1.7.1
      '@discordjs/util': 0.3.1
      '@sapphire/async-queue': 1.5.0
      '@types/ws': 8.5.4
      '@vladfrangu/async_event_emitter': 2.2.2
      discord-api-types: 0.37.42
      tslib: 2.5.0
      ws: 8.13.0
    transitivePeerDependencies:
      - bufferutil
      - utf-8-validate

  '@mongodb-js/saslprep@1.1.9':
    dependencies:
      sparse-bitfield: 3.0.3

  '@sapphire/async-queue@1.5.0': {}

  '@sapphire/shapeshift@3.9.0':
    dependencies:
      fast-deep-equal: 3.1.3
      lodash: 4.17.21

  '@sapphire/snowflake@3.5.1': {}

  '@tokenizer/token@0.3.0': {}

  '@types/bson@4.0.5':
    dependencies:
      '@types/node': 20.1.4

  '@types/mongodb@3.6.20':
    dependencies:
      '@types/bson': 4.0.5
      '@types/node': 20.1.4

  '@types/node@20.1.4': {}

  '@types/webidl-conversions@7.0.3': {}

  '@types/whatwg-url@11.0.5':
    dependencies:
      '@types/webidl-conversions': 7.0.3

  '@types/ws@8.5.4':
    dependencies:
      '@types/node': 20.1.4

  '@vladfrangu/async_event_emitter@2.2.2': {}

  asynckit@0.4.0: {}

  axios@1.7.7:
    dependencies:
      follow-redirects: 1.15.9
      form-data: 4.0.0
      proxy-from-env: 1.1.0
    transitivePeerDependencies:
      - debug

  balanced-match@1.0.2: {}

  better-ms@1.1.7: {}

  bl@2.2.1:
    dependencies:
      readable-stream: 2.3.8
      safe-buffer: 5.2.1

  bluebird@3.5.1: {}

  brace-expansion@1.1.11:
    dependencies:
      balanced-match: 1.0.2
      concat-map: 0.0.1

  bson@1.1.6: {}

  bson@6.8.0: {}

  busboy@1.6.0:
    dependencies:
      streamsearch: 1.1.0

  combined-stream@1.0.8:
    dependencies:
      delayed-stream: 1.0.0

  concat-map@0.0.1: {}

  core-util-is@1.0.3: {}

  country-flag-icons@1.5.13: {}

  debug@3.1.0:
    dependencies:
      ms: 2.0.0

  debug@4.3.4:
    dependencies:
      ms: 2.1.2

  delayed-stream@1.0.0: {}

  denque@1.5.1: {}

  discord-api-types@0.37.42: {}

  discord-messages@1.0.2:
    dependencies:
      mongoose: 5.13.17
    transitivePeerDependencies:
      - aws4
      - bson-ext
      - kerberos
      - mongodb-client-encryption
      - mongodb-extjson
      - snappy
      - supports-color

  discord.js@14.11.0:
    dependencies:
      '@discordjs/builders': 1.6.3
      '@discordjs/collection': 1.5.1
      '@discordjs/formatters': 0.3.1
      '@discordjs/rest': 1.7.1
      '@discordjs/util': 0.3.1
      '@discordjs/ws': 0.8.3
      '@sapphire/snowflake': 3.5.1
      '@types/ws': 8.5.4
      discord-api-types: 0.37.42
      fast-deep-equal: 3.1.3
      lodash.snakecase: 4.1.1
      tslib: 2.5.0
      undici: 5.22.1
      ws: 8.13.0
    transitivePeerDependencies:
      - bufferutil
      - utf-8-validate

  dotenv@16.4.5: {}

  fast-deep-equal@3.1.3: {}

  file-type@18.4.0:
    dependencies:
      readable-web-to-node-stream: 3.0.2
      strtok3: 7.0.0
      token-types: 5.0.1

  follow-redirects@1.15.9: {}

  form-data@4.0.0:
    dependencies:
      asynckit: 0.4.0
      combined-stream: 1.0.8
      mime-types: 2.1.35

  fs.realpath@1.0.0: {}

  function-bind@1.1.1: {}

  glob@7.2.3:
    dependencies:
      fs.realpath: 1.0.0
      inflight: 1.0.6
      inherits: 2.0.4
      minimatch: 3.1.2
      once: 1.4.0
      path-is-absolute: 1.0.1

  has@1.0.3:
    dependencies:
      function-bind: 1.1.1

  ieee754@1.2.1: {}

  inflight@1.0.6:
    dependencies:
      once: 1.4.0
      wrappy: 1.0.2

  inherits@2.0.4: {}

  interpret@1.4.0: {}

  is-core-module@2.12.0:
    dependencies:
      has: 1.0.3

  isarray@1.0.0: {}

  kareem@2.3.2: {}

  kareem@2.6.3: {}

  lodash.snakecase@4.1.1: {}

  lodash@4.17.21: {}

  memory-pager@1.5.0: {}

  mime-db@1.52.0: {}

  mime-types@2.1.35:
    dependencies:
      mime-db: 1.52.0

  minimatch@3.1.2:
    dependencies:
      brace-expansion: 1.1.11

  mongodb-connection-string-url@3.0.1:
    dependencies:
      '@types/whatwg-url': 11.0.5
      whatwg-url: 13.0.0

  mongodb@3.7.3:
    dependencies:
      bl: 2.2.1
      bson: 1.1.6
      denque: 1.5.1
      optional-require: 1.1.8
      safe-buffer: 5.2.1
    optionalDependencies:
      saslprep: 1.0.3

  mongodb@6.9.0:
    dependencies:
      '@mongodb-js/saslprep': 1.1.9
      bson: 6.8.0
      mongodb-connection-string-url: 3.0.1

  mongoose-legacy-pluralize@1.0.2(mongoose@5.13.17):
    dependencies:
      mongoose: 5.13.17

  mongoose@5.13.17:
    dependencies:
      '@types/bson': 4.0.5
      '@types/mongodb': 3.6.20
      bson: 1.1.6
      kareem: 2.3.2
      mongodb: 3.7.3
      mongoose-legacy-pluralize: 1.0.2(mongoose@5.13.17)
      mpath: 0.8.4
      mquery: 3.2.5
      ms: 2.1.2
      optional-require: 1.0.3
      regexp-clone: 1.0.0
      safe-buffer: 5.2.1
      sift: 13.5.2
      sliced: 1.0.1
    transitivePeerDependencies:
      - aws4
      - bson-ext
      - kerberos
      - mongodb-client-encryption
      - mongodb-extjson
      - snappy
      - supports-color

  mongoose@8.7.0:
    dependencies:
      bson: 6.8.0
      kareem: 2.6.3
      mongodb: 6.9.0
      mpath: 0.9.0
      mquery: 5.0.0
      ms: 2.1.3
      sift: 17.1.3
    transitivePeerDependencies:
      - '@aws-sdk/credential-providers'
      - '@mongodb-js/zstd'
      - gcp-metadata
      - kerberos
      - mongodb-client-encryption
      - snappy
      - socks
      - supports-color

  mpath@0.8.4: {}

  mpath@0.9.0: {}

  mquery@3.2.5:
    dependencies:
      bluebird: 3.5.1
      debug: 3.1.0
      regexp-clone: 1.0.0
      safe-buffer: 5.1.2
      sliced: 1.0.1
    transitivePeerDependencies:
      - supports-color

  mquery@5.0.0:
    dependencies:
      debug: 4.3.4
    transitivePeerDependencies:
      - supports-color

  ms@2.0.0: {}

  ms@2.1.2: {}

  ms@2.1.3: {}

  once@1.4.0:
    dependencies:
      wrappy: 1.0.2

  optional-require@1.0.3: {}

  optional-require@1.1.8:
    dependencies:
      require-at: 1.0.6

  parse-ms@2.1.0: {}

  path-is-absolute@1.0.1: {}

  path-parse@1.0.7: {}

  peek-readable@5.0.0: {}

  pretty-ms@7.0.1:
    dependencies:
      parse-ms: 2.1.0

  process-nextick-args@2.0.1: {}

  proxy-from-env@1.1.0: {}

  punycode@2.3.0: {}

  random-words@2.0.1:
    dependencies:
      seedrandom: 3.0.5

  readable-stream@2.3.8:
    dependencies:
      core-util-is: 1.0.3
      inherits: 2.0.4
      isarray: 1.0.0
      process-nextick-args: 2.0.1
      safe-buffer: 5.1.2
      string_decoder: 1.1.1
      util-deprecate: 1.0.2

  readable-stream@3.6.2:
    dependencies:
      inherits: 2.0.4
      string_decoder: 1.3.0
      util-deprecate: 1.0.2

  readable-web-to-node-stream@3.0.2:
    dependencies:
      readable-stream: 3.6.2

  rechoir@0.6.2:
    dependencies:
      resolve: 1.22.2

  regexp-clone@1.0.0: {}

  require-at@1.0.6: {}

  resolve@1.22.2:
    dependencies:
      is-core-module: 2.12.0
      path-parse: 1.0.7
      supports-preserve-symlinks-flag: 1.0.0

  safe-buffer@5.1.2: {}

  safe-buffer@5.2.1: {}

  saslprep@1.0.3:
    dependencies:
      sparse-bitfield: 3.0.3
    optional: true

  seedrandom@3.0.5: {}

  shelljs@0.8.5:
    dependencies:
      glob: 7.2.3
      interpret: 1.4.0
      rechoir: 0.6.2

  sift@13.5.2: {}

  sift@17.1.3: {}

  sliced@1.0.1: {}

  sparse-bitfield@3.0.3:
    dependencies:
      memory-pager: 1.5.0

  streamsearch@1.1.0: {}

  string_decoder@1.1.1:
    dependencies:
      safe-buffer: 5.1.2

  string_decoder@1.3.0:
    dependencies:
      safe-buffer: 5.2.1

  strtok3@7.0.0:
    dependencies:
      '@tokenizer/token': 0.3.0
      peek-readable: 5.0.0

  supports-preserve-symlinks-flag@1.0.0: {}

  token-types@5.0.1:
    dependencies:
      '@tokenizer/token': 0.3.0
      ieee754: 1.2.1

  tr46@4.1.1:
    dependencies:
      punycode: 2.3.0

  ts-mixer@6.0.3: {}

  tslib@2.5.0: {}

  tslib@2.5.2: {}

  undici@5.22.1:
    dependencies:
      busboy: 1.6.0

  util-deprecate@1.0.2: {}

  webidl-conversions@7.0.0: {}

  whatwg-url@13.0.0:
    dependencies:
      tr46: 4.1.1
      webidl-conversions: 7.0.0

  wrappy@1.0.2: {}

  ws@8.13.0: {}
